
Microsoft Visual Studio Solution File, Format Version 12.00
# Visual Studio Version 16
VisualStudioVersion = 16.0.29123.88
MinimumVisualStudioVersion = 10.0.40219.1
Project("{FAE04EC0-301F-11D3-BF4B-00C04F79EFBC}") = "SchoolMVC", "SchoolMVC\SchoolMVC.csproj", "{B73A98D9-FD6B-4B6E-A494-2AA024589FFD}"
EndProject
Global
	GlobalSection(SolutionConfigurationPlatforms) = preSolution
		Debug|Any CPU = Debug|Any CPU
		Release|Any CPU = Release|Any CPU
	EndGlobalSection
	GlobalSection(ProjectConfigurationPlatforms) = postSolution
		{B73A98D9-FD6B-4B6E-A494-2AA024589FFD}.Debug|Any CPU.ActiveCfg = Debug|Any CPU
		{B73A98D9-FD6B-4B6E-A494-2AA024589FFD}.Debug|Any CPU.Build.0 = Debug|Any CPU
		{B73A98D9-FD6B-4B6E-A494-2AA024589FFD}.Release|Any CPU.ActiveCfg = Release|Any CPU
		{B73A98D9-FD6B-4B6E-A494-2AA024589FFD}.Release|Any CPU.Build.0 = Release|Any CPU
	EndGlobalSection
	GlobalSection(SolutionProperties) = preSolution
		HideSolutionNode = FALSE
	EndGlobalSection
	GlobalSection(ExtensibilityGlobals) = postSolution
		SolutionGuid = {27A1FDA1-B7B0-4071-A964-615922BE4822}
	EndGlobalSection
EndGlobal
